
Microsoft Visual Studio Solution File, Format Version 12.00
# Visual Studio Version 16
VisualStudioVersion = 16.0.31229.75
MinimumVisualStudioVersion = 10.0.40219.1
Project("{9A19103F-16F7-4668-BE54-9A1E7A4F7556}") = "CreditApplicationWorkflow.Mvc", "CreditApplicationWorkflow.Mvc\CreditApplicationWorkflow.Mvc.csproj", "{CD303473-A96E-4955-B8F0-BF431FB35D38}"
EndProject
Project("{9A19103F-16F7-4668-BE54-9A1E7A4F7556}") = "CreditApplicationSystem.DataAccess", "CreditApplicationSystem.DataAcess\CreditApplicationSystem.DataAccess.csproj", "{F71CD40E-03EE-4FCC-9ED6-2CF330DA4899}"
EndProject
Project("{FAE04EC0-301F-11D3-BF4B-00C04F79EFBC}") = "CreditApplicationSystem.WebApi", "CreditApplicationSystem.WebApi\CreditApplicationSystem.WebApi.csproj", "{759E6DD4-8E36-4019-B948-8C46ACA38965}"
EndProject
Global
	GlobalSection(SolutionConfigurationPlatforms) = preSolution
		Debug|Any CPU = Debug|Any CPU
		Release|Any CPU = Release|Any CPU
	EndGlobalSection
	GlobalSection(ProjectConfigurationPlatforms) = postSolution
		{CD303473-A96E-4955-B8F0-BF431FB35D38}.Debug|Any CPU.ActiveCfg = Debug|Any CPU
		{CD303473-A96E-4955-B8F0-BF431FB35D38}.Debug|Any CPU.Build.0 = Debug|Any CPU
		{CD303473-A96E-4955-B8F0-BF431FB35D38}.Release|Any CPU.ActiveCfg = Release|Any CPU
		{CD303473-A96E-4955-B8F0-BF431FB35D38}.Release|Any CPU.Build.0 = Release|Any CPU
		{F71CD40E-03EE-4FCC-9ED6-2CF330DA4899}.Debug|Any CPU.ActiveCfg = Debug|Any CPU
		{F71CD40E-03EE-4FCC-9ED6-2CF330DA4899}.Debug|Any CPU.Build.0 = Debug|Any CPU
		{F71CD40E-03EE-4FCC-9ED6-2CF330DA4899}.Release|Any CPU.ActiveCfg = Release|Any CPU
		{F71CD40E-03EE-4FCC-9ED6-2CF330DA4899}.Release|Any CPU.Build.0 = Release|Any CPU
		{759E6DD4-8E36-4019-B948-8C46ACA38965}.Debug|Any CPU.ActiveCfg = Debug|Any CPU
		{759E6DD4-8E36-4019-B948-8C46ACA38965}.Debug|Any CPU.Build.0 = Debug|Any CPU
		{759E6DD4-8E36-4019-B948-8C46ACA38965}.Release|Any CPU.ActiveCfg = Release|Any CPU
		{759E6DD4-8E36-4019-B948-8C46ACA38965}.Release|Any CPU.Build.0 = Release|Any CPU
	EndGlobalSection
	GlobalSection(SolutionProperties) = preSolution
		HideSolutionNode = FALSE
	EndGlobalSection
	GlobalSection(ExtensibilityGlobals) = postSolution
		SolutionGuid = {01CA695E-4B4A-4B42-81E8-8C84F6B25D62}
	EndGlobalSection
EndGlobal
